{
  "name": "jk-react-scripts",
  "version": "3.0.2",
  "lockfileVersion": 1,
  "requires": true,
  "dependencies": {
    "confusing-browser-globals": {
      "version": "1.0.7",
      "resolved": "https://registry.npmjs.org/confusing-browser-globals/-/confusing-browser-globals-1.0.7.tgz",
      "integrity": "sha512-cgHI1azax5ATrZ8rJ+ODDML9Fvu67PimB6aNxBrc/QwSaDaM9eTfIEUHx3bBLJJ82ioSb+/5zfsMCCEJax3ByQ=="
    },
    "eslint-config-jk-react-app": {
      "version": "4.0.0",
      "resolved": "https://registry.npmjs.org/eslint-config-jk-react-app/-/eslint-config-jk-react-app-4.0.0.tgz",
      "integrity": "sha512-wMCp+6sUBCGja6bWufsxCrVG5/Vt+53BURkuenx4hoC/WtLIRwMTu5Tgi0e7KRA2/pjAR3DaVmQzpDsJiXm3CA==",
      "requires": {
        "confusing-browser-globals": "^1.0.7"
      }
    }
  }
}
